
Microsoft Visual Studio Solution File, Format Version 12.00
# Visual Studio Version 16
VisualStudioVersion = 16.0.32106.194
MinimumVisualStudioVersion = 10.0.40219.1
Project("{FAE04EC0-301F-11D3-BF4B-00C04F79EFBC}") = "FoodTruck Back-End", "FoodTruck Back-End.csproj", "{B285C1A3-E3E4-479F-89B5-976DCCA6828C}"
EndProject
Project("{FAE04EC0-301F-11D3-BF4B-00C04F79EFBC}") = "DTO", "..\DTO\DTO.csproj", "{640DC91A-C6DA-41FB-B6F8-9B07FADDE7DC}"
EndProject
Project("{FAE04EC0-301F-11D3-BF4B-00C04F79EFBC}") = "DAO", "..\DAO\DAO.csproj", "{17F2BDB0-0B6F-4B8E-81CC-15589282E3C5}"
EndProject
Project("{FAE04EC0-301F-11D3-BF4B-00C04F79EFBC}") = "BO", "..\BO\BO.csproj", "{911CBCB1-AEEB-4D8F-9F0E-50DD53994D0F}"
EndProject
Global
	GlobalSection(SolutionConfigurationPlatforms) = preSolution
		Debug|Any CPU = Debug|Any CPU
		Release|Any CPU = Release|Any CPU
	EndGlobalSection
	GlobalSection(ProjectConfigurationPlatforms) = postSolution
		{B285C1A3-E3E4-479F-89B5-976DCCA6828C}.Debug|Any CPU.ActiveCfg = Debug|Any CPU
		{B285C1A3-E3E4-479F-89B5-976DCCA6828C}.Debug|Any CPU.Build.0 = Debug|Any CPU
		{B285C1A3-E3E4-479F-89B5-976DCCA6828C}.Release|Any CPU.ActiveCfg = Release|Any CPU
		{B285C1A3-E3E4-479F-89B5-976DCCA6828C}.Release|Any CPU.Build.0 = Release|Any CPU
		{640DC91A-C6DA-41FB-B6F8-9B07FADDE7DC}.Debug|Any CPU.ActiveCfg = Debug|Any CPU
		{640DC91A-C6DA-41FB-B6F8-9B07FADDE7DC}.Debug|Any CPU.Build.0 = Debug|Any CPU
		{640DC91A-C6DA-41FB-B6F8-9B07FADDE7DC}.Release|Any CPU.ActiveCfg = Release|Any CPU
		{640DC91A-C6DA-41FB-B6F8-9B07FADDE7DC}.Release|Any CPU.Build.0 = Release|Any CPU
		{17F2BDB0-0B6F-4B8E-81CC-15589282E3C5}.Debug|Any CPU.ActiveCfg = Debug|Any CPU
		{17F2BDB0-0B6F-4B8E-81CC-15589282E3C5}.Debug|Any CPU.Build.0 = Debug|Any CPU
		{17F2BDB0-0B6F-4B8E-81CC-15589282E3C5}.Release|Any CPU.ActiveCfg = Release|Any CPU
		{17F2BDB0-0B6F-4B8E-81CC-15589282E3C5}.Release|Any CPU.Build.0 = Release|Any CPU
		{911CBCB1-AEEB-4D8F-9F0E-50DD53994D0F}.Debug|Any CPU.ActiveCfg = Debug|Any CPU
		{911CBCB1-AEEB-4D8F-9F0E-50DD53994D0F}.Debug|Any CPU.Build.0 = Debug|Any CPU
		{911CBCB1-AEEB-4D8F-9F0E-50DD53994D0F}.Release|Any CPU.ActiveCfg = Release|Any CPU
		{911CBCB1-AEEB-4D8F-9F0E-50DD53994D0F}.Release|Any CPU.Build.0 = Release|Any CPU
	EndGlobalSection
	GlobalSection(SolutionProperties) = preSolution
		HideSolutionNode = FALSE
	EndGlobalSection
	GlobalSection(ExtensibilityGlobals) = postSolution
		SolutionGuid = {2FD6225F-0C52-42E5-8C14-96B6D28A2D06}
	EndGlobalSection
EndGlobal
